
Microsoft Visual Studio Solution File, Format Version 12.00
# Visual Studio Version 17
VisualStudioVersion = 17.8.34330.188
MinimumVisualStudioVersion = 10.0.40219.1
Project("{FAE04EC0-301F-11D3-BF4B-00C04F79EFBC}") = "BackPropagationSarita", "BackPropagation\BackPropagationSarita.csproj", "{C082B094-4592-41A8-ABC6-D304C5951DC6}"
EndProject
Global
	GlobalSection(SolutionConfigurationPlatforms) = preSolution
		Debug|Any CPU = Debug|Any CPU
		Release|Any CPU = Release|Any CPU
	EndGlobalSection
	GlobalSection(ProjectConfigurationPlatforms) = postSolution
		{C082B094-4592-41A8-ABC6-D304C5951DC6}.Debug|Any CPU.ActiveCfg = Debug|Any CPU
		{C082B094-4592-41A8-ABC6-D304C5951DC6}.Debug|Any CPU.Build.0 = Debug|Any CPU
		{C082B094-4592-41A8-ABC6-D304C5951DC6}.Release|Any CPU.ActiveCfg = Release|Any CPU
		{C082B094-4592-41A8-ABC6-D304C5951DC6}.Release|Any CPU.Build.0 = Release|Any CPU
	EndGlobalSection
	GlobalSection(SolutionProperties) = preSolution
		HideSolutionNode = FALSE
	EndGlobalSection
	GlobalSection(ExtensibilityGlobals) = postSolution
		SolutionGuid = {D1900E41-401B-489A-8B6D-41309E7E4697}
	EndGlobalSection
EndGlobal
